
Microsoft Visual Studio Solution File, Format Version 12.00
# Visual Studio Version 16
VisualStudioVersion = 16.0.30225.117
MinimumVisualStudioVersion = 10.0.40219.1
Project("{9A19103F-16F7-4668-BE54-9A1E7A4F7556}") = "PdfiumLight", "PdfiumLight.csproj", "{0F36A611-9BEB-497A-A8F8-649AF261C7D5}"
EndProject
Global
	GlobalSection(SolutionConfigurationPlatforms) = preSolution
		Debug|Any CPU = Debug|Any CPU
		Release|Any CPU = Release|Any CPU
	EndGlobalSection
	GlobalSection(ProjectConfigurationPlatforms) = postSolution
		{0F36A611-9BEB-497A-A8F8-649AF261C7D5}.Debug|Any CPU.ActiveCfg = Debug|Any CPU
		{0F36A611-9BEB-497A-A8F8-649AF261C7D5}.Debug|Any CPU.Build.0 = Debug|Any CPU
		{0F36A611-9BEB-497A-A8F8-649AF261C7D5}.Release|Any CPU.ActiveCfg = Release|Any CPU
		{0F36A611-9BEB-497A-A8F8-649AF261C7D5}.Release|Any CPU.Build.0 = Release|Any CPU
	EndGlobalSection
	GlobalSection(SolutionProperties) = preSolution
		HideSolutionNode = FALSE
	EndGlobalSection
	GlobalSection(ExtensibilityGlobals) = postSolution
		SolutionGuid = {DC0CCAA3-4078-4CE4-9E2B-129C2FE47D16}
	EndGlobalSection
EndGlobal
